github.com/cellebyte/go-pph v0.0.2 h1:e00cmGn29GmJ0Lk0o+64SVEGSkJVpL+Akw2yVoIaHWA=
github.com/cellebyte/go-pph v0.0.2/go.mod h1:fRfh4EH92x2WMvibmMYs4yy4Bub1uXGx55bUeOyz4fc=
github.com/libdns/libdns v1.1.1 h1:wPrHrXILoSHKWJKGd0EiAVmiJbFShguILTg9leS/P/U=
github.com/libdns/libdns v1.1.1/go.mod h1:4Bj9+5CQiNMVGf87wjX4CY3HQJypUHRuLvlsfsZqLWQ=
